
Microsoft Visual Studio Solution File, Format Version 12.00
# Visual Studio Version 17
VisualStudioVersion = 17.12.35707.178
MinimumVisualStudioVersion = 10.0.40219.1
Project("{FAE04EC0-301F-11D3-BF4B-00C04F79EFBC}") = "ConsoleApp1", "ConsoleApp1\ConsoleApp1.csproj", "{A049273E-271F-41CC-B7E6-A085D65D24C1}"
EndProject
Project("{FAE04EC0-301F-11D3-BF4B-00C04F79EFBC}") = "Vectorize", "Vectorize\Vectorize.csproj", "{1984F852-2AFE-48D8-AC62-649590727BBC}"
EndProject
Project("{FAE04EC0-301F-11D3-BF4B-00C04F79EFBC}") = "SentimentAnalysis", "SentimentAnalysis\SentimentAnalysis.csproj", "{67220906-6D68-4877-8771-744059AC086B}"
EndProject
Project("{FAE04EC0-301F-11D3-BF4B-00C04F79EFBC}") = "ObjectDetection", "ObjectDetection\ObjectDetection.csproj", "{FD6A37C8-CB6B-4B85-BBFC-3D5DEC1685F9}"
EndProject
Global
	GlobalSection(SolutionConfigurationPlatforms) = preSolution
		Debug|Any CPU = Debug|Any CPU
		Release|Any CPU = Release|Any CPU
	EndGlobalSection
	GlobalSection(ProjectConfigurationPlatforms) = postSolution
		{A049273E-271F-41CC-B7E6-A085D65D24C1}.Debug|Any CPU.ActiveCfg = Debug|Any CPU
		{A049273E-271F-41CC-B7E6-A085D65D24C1}.Debug|Any CPU.Build.0 = Debug|Any CPU
		{A049273E-271F-41CC-B7E6-A085D65D24C1}.Release|Any CPU.ActiveCfg = Release|Any CPU
		{A049273E-271F-41CC-B7E6-A085D65D24C1}.Release|Any CPU.Build.0 = Release|Any CPU
		{1984F852-2AFE-48D8-AC62-649590727BBC}.Debug|Any CPU.ActiveCfg = Debug|Any CPU
		{1984F852-2AFE-48D8-AC62-649590727BBC}.Debug|Any CPU.Build.0 = Debug|Any CPU
		{1984F852-2AFE-48D8-AC62-649590727BBC}.Release|Any CPU.ActiveCfg = Release|Any CPU
		{1984F852-2AFE-48D8-AC62-649590727BBC}.Release|Any CPU.Build.0 = Release|Any CPU
		{67220906-6D68-4877-8771-744059AC086B}.Debug|Any CPU.ActiveCfg = Debug|Any CPU
		{67220906-6D68-4877-8771-744059AC086B}.Debug|Any CPU.Build.0 = Debug|Any CPU
		{67220906-6D68-4877-8771-744059AC086B}.Release|Any CPU.ActiveCfg = Release|Any CPU
		{67220906-6D68-4877-8771-744059AC086B}.Release|Any CPU.Build.0 = Release|Any CPU
		{FD6A37C8-CB6B-4B85-BBFC-3D5DEC1685F9}.Debug|Any CPU.ActiveCfg = Debug|Any CPU
		{FD6A37C8-CB6B-4B85-BBFC-3D5DEC1685F9}.Debug|Any CPU.Build.0 = Debug|Any CPU
		{FD6A37C8-CB6B-4B85-BBFC-3D5DEC1685F9}.Release|Any CPU.ActiveCfg = Release|Any CPU
		{FD6A37C8-CB6B-4B85-BBFC-3D5DEC1685F9}.Release|Any CPU.Build.0 = Release|Any CPU
	EndGlobalSection
	GlobalSection(SolutionProperties) = preSolution
		HideSolutionNode = FALSE
	EndGlobalSection
EndGlobal
